// !$*UTF8*$!
{
	archiveVersion = 1;
	classes = {
	};
	objectVersion = 50;
	objects = {

/* Begin PBXBuildFile section */
		DAE7142926BDF4B700322CD9 /* AppDelegate.swift in Sources */ = {isa = PBXBuildFile; fileRef = DAE7142826BDF4B700322CD9 /* AppDelegate.swift */; };
		DAE7142B26BDF4B700322CD9 /* SceneDelegate.swift in Sources */ = {isa = PBXBuildFile; fileRef = DAE7142A26BDF4B700322CD9 /* SceneDelegate.swift */; };
		DAE7142D26BDF4B700322CD9 /* ViewController.swift in Sources */ = {isa = PBXBuildFile; fileRef = DAE7142C26BDF4B700322CD9 /* ViewController.swift */; };
		DAE7143026BDF4B700322CD9 /* Main.storyboard in Resources */ = {isa = PBXBuildFile; fileRef = DAE7142E26BDF4B700322CD9 /* Main.storyboard */; };
		DAE7143326BDF4B700322CD9 /* ArtGalery.xcdatamodeld in Sources */ = {isa = PBXBuildFile; fileRef = DAE7143126BDF4B700322CD9 /* ArtGalery.xcdatamodeld */; };
		DAE7143526BDF4B800322CD9 /* Assets.xcassets in Resources */ = {isa = PBXBuildFile; fileRef = DAE7143426BDF4B800322CD9 /* Assets.xcassets */; };
		DAE7143826BDF4B800322CD9 /* LaunchScreen.storyboard in Resources */ = {isa = PBXBuildFile; fileRef = DAE7143626BDF4B800322CD9 /* LaunchScreen.storyboard */; };
		DAE7144026BDF6F600322CD9 /* DetailsVC.swift in Sources */ = {isa = PBXBuildFile; fileRef = DAE7143F26BDF6F600322CD9 /* DetailsVC.swift */; };
/* End PBXBuildFile section */

/* Begin PBXFileReference section */
		DAE7142526BDF4B700322CD9 /* ArtGalery.app */ = {isa = PBXFileReference; explicitFileType = wrapper.application; includeInIndex = 0; path = ArtGalery.app; sourceTree = BUILT_PRODUCTS_DIR; };
		DAE7142826BDF4B700322CD9 /* AppDelegate.swift */ = {isa = PBXFileReference; lastKnownFileType = sourcecode.swift; path = AppDelegate.swift; sourceTree = "<group>"; };
		DAE7142A26BDF4B700322CD9 /* SceneDelegate.swift */ = {isa = PBXFileReference; lastKnownFileType = sourcecode.swift; path = SceneDelegate.swift; sourceTree = "<group>"; };
		DAE7142C26BDF4B700322CD9 /* ViewController.swift */ = {isa = PBXFileReference; lastKnownFileType = sourcecode.swift; path = ViewController.swift; sourceTree = "<group>"; };
		DAE7142F26BDF4B700322CD9 /* Base */ = {isa = PBXFileReference; lastKnownFileType = file.storyboard; name = Base; path = Base.lproj/Main.storyboard; sourceTree = "<group>"; };
		DAE7143226BDF4B700322CD9 /* ArtGalery.xcdatamodel */ = {isa = PBXFileReference; lastKnownFileType = wrapper.xcdatamodel; path = ArtGalery.xcdatamodel; sourceTree = "<group>"; };
		DAE7143426BDF4B800322CD9 /* Assets.xcassets */ = {isa = PBXFileReference; lastKnownFileType = folder.assetcatalog; path = Assets.xcassets; sourceTree = "<group>"; };
		DAE7143726BDF4B800322CD9 /* Base */ = {isa = PBXFileReference; lastKnownFileType = file.storyboard; name = Base; path = Base.lproj/LaunchScreen.storyboard; sourceTree = "<group>"; };
		DAE7143926BDF4B800322CD9 /* Info.plist */ = {isa = PBXFileReference; lastKnownFileType = text.plist.xml; path = Info.plist; sourceTree = "<group>"; };
		DAE7143F26BDF6F600322CD9 /* DetailsVC.swift */ = {isa = PBXFileReference; lastKnownFileType = sourcecode.swift; path = DetailsVC.swift; sourceTree = "<group>"; };
/* End PBXFileReference section */

/* Begin PBXFrameworksBuildPhase section */
		DAE7142226BDF4B700322CD9 /* Frameworks */ = {
			isa = PBXFrameworksBuildPhase;
			buildActionMask = 2147483647;
			files = (
			);
			runOnlyForDeploymentPostprocessing = 0;
		};
/* End PBXFrameworksBuildPhase section */

/* Begin PBXGroup section */
		DAE7141C26BDF4B700322CD9 = {
			isa = PBXGroup;
			children = (
				DAE7142726BDF4B700322CD9 /* ArtGalery */,
				DAE7142626BDF4B700322CD9 /* Products */,
			);
			sourceTree = "<group>";
		};
		DAE7142626BDF4B700322CD9 /* Products */ = {
			isa = PBXGroup;
			children = (
				DAE7142526BDF4B700322CD9 /* ArtGalery.app */,
			);
			name = Products;
			sourceTree = "<group>";
		};
		DAE7142726BDF4B700322CD9 /* ArtGalery */ = {
			isa = PBXGroup;
			children = (
				DAE7142826BDF4B700322CD9 /* AppDelegate.swift */,
				DAE7142A26BDF4B700322CD9 /* SceneDelegate.swift */,
				DAE7142C26BDF4B700322CD9 /* ViewController.swift */,
				DAE7142E26BDF4B700322CD9 /* Main.storyboard */,
				DAE7143426BDF4B800322CD9 /* Assets.xcassets */,
				DAE7143626BDF4B800322CD9 /* LaunchScreen.storyboard */,
				DAE7143926BDF4B800322CD9 /* Info.plist */,
				DAE7143126BDF4B700322CD9 /* ArtGalery.xcdatamodeld */,
				DAE7143F26BDF6F600322CD9 /* DetailsVC.swift */,
			);
			path = ArtGalery;
			sourceTree = "<group>";
		};
/* End PBXGroup section */

/* Begin PBXNativeTarget section */
		DAE7142426BDF4B700322CD9 /* ArtGalery */ = {
			isa = PBXNativeTarget;
			buildConfigurationList = DAE7143C26BDF4B800322CD9 /* Build configuration list for PBXNativeTarget "ArtGalery" */;
			buildPhases = (
				DAE7142126BDF4B700322CD9 /* Sources */,
				DAE7142226BDF4B700322CD9 /* Frameworks */,
				DAE7142326BDF4B700322CD9 /* Resources */,
			);
			buildRules = (
			);
			dependencies = (
			);
			name = ArtGalery;
			productName = ArtGalery;
			productReference = DAE7142526BDF4B700322CD9 /* ArtGalery.app */;
			productType = "com.apple.product-type.application";
		};
/* End PBXNativeTarget section */

/* Begin PBXProject section */
		DAE7141D26BDF4B700322CD9 /* Project object */ = {
			isa = PBXProject;
			attributes = {
				LastSwiftUpdateCheck = 1250;
				LastUpgradeCheck = 1250;
				TargetAttributes = {
					DAE7142426BDF4B700322CD9 = {
						CreatedOnToolsVersion = 12.5;
					};
				};
			};
			buildConfigurationList = DAE7142026BDF4B700322CD9 /* Build configuration list for PBXProject "ArtGalery" */;
			compatibilityVersion = "Xcode 9.3";
			developmentRegion = en;
			hasScannedForEncodings = 0;
			knownRegions = (
				en,
				Base,
			);
			mainGroup = DAE7141C26BDF4B700322CD9;
			productRefGroup = DAE7142626BDF4B700322CD9 /* Products */;
			projectDirPath = "";
			projectRoot = "";
			targets = (
				DAE7142426BDF4B700322CD9 /* ArtGalery */,
			);
		};
/* End PBXProject section */

/* Begin PBXResourcesBuildPhase section */
		DAE7142326BDF4B700322CD9 /* Resources */ = {
			isa = PBXResourcesBuildPhase;
			buildActionMask = 2147483647;
			files = (
				DAE7143826BDF4B800322CD9 /* LaunchScreen.storyboard in Resources */,
				DAE7143526BDF4B800322CD9 /* Assets.xcassets in Resources */,
				DAE7143026BDF4B700322CD9 /* Main.storyboard in Resources */,
			);
			runOnlyForDeploymentPostprocessing = 0;
		};
/* End PBXResourcesBuildPhase section */

/* Begin PBXSourcesBuildPhase section */
		DAE7142126BDF4B700322CD9 /* Sources */ = {
			isa = PBXSourcesBuildPhase;
			buildActionMask = 2147483647;
			files = (
				DAE7142D26BDF4B700322CD9 /* ViewController.swift in Sources */,
				DAE7143326BDF4B700322CD9 /* ArtGalery.xcdatamodeld in Sources */,
				DAE7142926BDF4B700322CD9 /* AppDelegate.swift in Sources */,
				DAE7142B26BDF4B700322CD9 /* SceneDelegate.swift in Sources */,
				DAE7144026BDF6F600322CD9 /* DetailsVC.swift in Sources */,
			);
			runOnlyForDeploymentPostprocessing = 0;
		};
/* End PBXSourcesBuildPhase section */

/* Begin PBXVariantGroup section */
		DAE7142E26BDF4B700322CD9 /* Main.storyboard */ = {
			isa = PBXVariantGroup;
			children = (
				DAE7142F26BDF4B700322CD9 /* Base */,
			);
			name = Main.storyboard;
			sourceTree = "<group>";
		};
		DAE7143626BDF4B800322CD9 /* LaunchScreen.storyboard */ = {
			isa = PBXVariantGroup;
			children = (
				DAE7143726BDF4B800322CD9 /* Base */,
			);
			name = LaunchScreen.storyboard;
			sourceTree = "<group>";
		};
/* End PBXVariantGroup section */

/* Begin XCBuildConfiguration section */
		DAE7143A26BDF4B800322CD9 /* Debug */ = {
			isa = XCBuildConfiguration;
			buildSettings = {
				ALWAYS_SEARCH_USER_PATHS = NO;
				CLANG_ANALYZER_NONNULL = YES;
				CLANG_ANALYZER_NUMBER_OBJECT_CONVERSION = YES_AGGRESSIVE;
				CLANG_CXX_LANGUAGE_STANDARD = "gnu++14";
				CLANG_CXX_LIBRARY = "libc++";
				CLANG_ENABLE_MODULES = YES;
				CLANG_ENABLE_OBJC_ARC = YES;
				CLANG_ENABLE_OBJC_WEAK = YES;
				CLANG_WARN_BLOCK_CAPTURE_AUTORELEASING = YES;
				CLANG_WARN_BOOL_CONVERSION = YES;
				CLANG_WARN_COMMA = YES;
				CLANG_WARN_CONSTANT_CONVERSION = YES;
				CLANG_WARN_DEPRECATED_OBJC_IMPLEMENTATIONS = YES;
				CLANG_WARN_DIRECT_OBJC_ISA_USAGE = YES_ERROR;
				CLANG_WARN_DOCUMENTATION_COMMENTS = YES;
				CLANG_WARN_EMPTY_BODY = YES;
				CLANG_WARN_ENUM_CONVERSION = YES;
				CLANG_WARN_INFINITE_RECURSION = YES;
				CLANG_WARN_INT_CONVERSION = YES;
				CLANG_WARN_NON_LITERAL_NULL_CONVERSION = YES;
				CLANG_WARN_OBJC_IMPLICIT_RETAIN_SELF = YES;
				CLANG_WARN_OBJC_LITERAL_CONVERSION = YES;
				CLANG_WARN_OBJC_ROOT_CLASS = YES_ERROR;
				CLANG_WARN_QUOTED_INCLUDE_IN_FRAMEWORK_HEADER = YES;
				CLANG_WARN_RANGE_LOOP_ANALYSIS = YES;
				CLANG_WARN_STRICT_PROTOTYPES = YES;
				CLANG_WARN_SUSPICIOUS_MOVE = YES;
				CLANG_WARN_UNGUARDED_AVAILABILITY = YES_AGGRESSIVE;
				CLANG_WARN_UNREACHABLE_CODE = YES;
				CLANG_WARN__DUPLICATE_METHOD_MATCH = YES;
				COPY_PHASE_STRIP = NO;
				DEBUG_INFORMATION_FORMAT = dwarf;
				ENABLE_STRICT_OBJC_MSGSEND = YES;
				ENABLE_TESTABILITY = YES;
				GCC_C_LANGUAGE_STANDARD = gnu11;
				GCC_DYNAMIC_NO_PIC = NO;
				GCC_NO_COMMON_BLOCKS = YES;
				GCC_OPTIMIZATION_LEVEL = 0;
				GCC_PREPROCESSOR_DEFINITIONS = (
					"DEBUG=1",
					"$(inherited)",
				);
				GCC_WARN_64_TO_32_BIT_CONVERSION = YES;
				GCC_WARN_ABOUT_RETURN_TYPE = YES_ERROR;
				GCC_WARN_UNDECLARED_SELECTOR = YES;
				GCC_WARN_UNINITIALIZED_AUTOS = YES_AGGRESSIVE;
				GCC_WARN_UNUSED_FUNCTION = YES;
				GCC_WARN_UNUSED_VARIABLE = YES;
				IPHONEOS_DEPLOYMENT_TARGET = 14.5;
				MTL_ENABLE_DEBUG_INFO = INCLUDE_SOURCE;
				MTL_FAST_MATH = YES;
				ONLY_ACTIVE_ARCH = YES;
				SDKROOT = iphoneos;
				SWIFT_ACTIVE_COMPILATION_CONDITIONS = DEBUG;
				SWIFT_OPTIMIZATION_LEVEL = "-Onone";
			};
			name = Debug;
		};
		DAE7143B26BDF4B800322CD9 /* Release */ = {
			isa = XCBuildConfiguration;
			buildSettings = {
				ALWAYS_SEARCH_USER_PATHS = NO;
				CLANG_ANALYZER_NONNULL = YES;
				CLANG_ANALYZER_NUMBER_OBJECT_CONVERSION = YES_AGGRESSIVE;
				CLANG_CXX_LANGUAGE_STANDARD = "gnu++14";
				CLANG_CXX_LIBRARY = "libc++";
				CLANG_ENABLE_MODULES = YES;
				CLANG_ENABLE_OBJC_ARC = YES;
				CLANG_ENABLE_OBJC_WEAK = YES;
				CLANG_WARN_BLOCK_CAPTURE_AUTORELEASING = YES;
				CLANG_WARN_BOOL_CONVERSION = YES;
				CLANG_WARN_COMMA = YES;
				CLANG_WARN_CONSTANT_CONVERSION = YES;
				CLANG_WARN_DEPRECATED_OBJC_IMPLEMENTATIONS = YES;
				CLANG_WARN_DIRECT_OBJC_ISA_USAGE = YES_ERROR;
				CLANG_WARN_DOCUMENTATION_COMMENTS = YES;
				CLANG_WARN_EMPTY_BODY = YES;
				CLANG_WARN_ENUM_CONVERSION = YES;
				CLANG_WARN_INFINITE_RECURSION = YES;
				CLANG_WARN_INT_CONVERSION = YES;
				CLANG_WARN_NON_LITERAL_NULL_CONVERSION = YES;
				CLANG_WARN_OBJC_IMPLICIT_RETAIN_SELF = YES;
				CLANG_WARN_OBJC_LITERAL_CONVERSION = YES;
				CLANG_WARN_OBJC_ROOT_CLASS = YES_ERROR;
				CLANG_WARN_QUOTED_INCLUDE_IN_FRAMEWORK_HEADER = YES;
				CLANG_WARN_RANGE_LOOP_ANALYSIS = YES;
				CLANG_WARN_STRICT_PROTOTYPES = YES;
				CLANG_WARN_SUSPICIOUS_MOVE = YES;
				CLANG_WARN_UNGUARDED_AVAILABILITY = YES_AGGRESSIVE;
				CLANG_WARN_UNREACHABLE_CODE = YES;
				CLANG_WARN__DUPLICATE_METHOD_MATCH = YES;
				COPY_PHASE_STRIP = NO;
				DEBUG_INFORMATION_FORMAT = "dwarf-with-dsym";
				ENABLE_NS_ASSERTIONS = NO;
				ENABLE_STRICT_OBJC_MSGSEND = YES;
				GCC_C_LANGUAGE_STANDARD = gnu11;
				GCC_NO_COMMON_BLOCKS = YES;
				GCC_WARN_64_TO_32_BIT_CONVERSION = YES;
				GCC_WARN_ABOUT_RETURN_TYPE = YES_ERROR;
				GCC_WARN_UNDECLARED_SELECTOR = YES;
				GCC_WARN_UNINITIALIZED_AUTOS = YES_AGGRESSIVE;
				GCC_WARN_UNUSED_FUNCTION = YES;
				GCC_WARN_UNUSED_VARIABLE = YES;
				IPHONEOS_DEPLOYMENT_TARGET = 14.5;
				MTL_ENABLE_DEBUG_INFO = NO;
				MTL_FAST_MATH = YES;
				SDKROOT = iphoneos;
				SWIFT_COMPILATION_MODE = wholemodule;
				SWIFT_OPTIMIZATION_LEVEL = "-O";
				VALIDATE_PRODUCT = YES;
			};
			name = Release;
		};
		DAE7143D26BDF4B800322CD9 /* Debug */ = {
			isa = XCBuildConfiguration;
			buildSettings = {
				ASSETCATALOG_COMPILER_APPICON_NAME = AppIcon;
				ASSETCATALOG_COMPILER_GLOBAL_ACCENT_COLOR_NAME = AccentColor;
				CODE_SIGN_STYLE = Automatic;
				DEVELOPMENT_TEAM = B397XJU6A4;
				INFOPLIST_FILE = ArtGalery/Info.plist;
				LD_RUNPATH_SEARCH_PATHS = (
					"$(inherited)",
					"@executable_path/Frameworks",
				);
				PRODUCT_BUNDLE_IDENTIFIER = com.calculate.ArtGalery;
				PRODUCT_NAME = "$(TARGET_NAME)";
				SWIFT_VERSION = 5.0;
				TARGETED_DEVICE_FAMILY = "1,2";
			};
			name = Debug;
		};
		DAE7143E26BDF4B800322CD9 /* Release */ = {
			isa = XCBuildConfiguration;
			buildSettings = {
				ASSETCATALOG_COMPILER_APPICON_NAME = AppIcon;
				ASSETCATALOG_COMPILER_GLOBAL_ACCENT_COLOR_NAME = AccentColor;
				CODE_SIGN_STYLE = Automatic;
				DEVELOPMENT_TEAM = B397XJU6A4;
				INFOPLIST_FILE = ArtGalery/Info.plist;
				LD_RUNPATH_SEARCH_PATHS = (
					"$(inherited)",
					"@executable_path/Frameworks",
				);
				PRODUCT_BUNDLE_IDENTIFIER = com.calculate.ArtGalery;
				PRODUCT_NAME = "$(TARGET_NAME)";
				SWIFT_VERSION = 5.0;
				TARGETED_DEVICE_FAMILY = "1,2";
			};
			name = Release;
		};
/* End XCBuildConfiguration section */

/* Begin XCConfigurationList section */
		DAE7142026BDF4B700322CD9 /* Build configuration list for PBXProject "ArtGalery" */ = {
			isa = XCConfigurationList;
			buildConfigurations = (
				DAE7143A26BDF4B800322CD9 /* Debug */,
				DAE7143B26BDF4B800322CD9 /* Release */,
			);
			defaultConfigurationIsVisible = 0;
			defaultConfigurationName = Release;
		};
		DAE7143C26BDF4B800322CD9 /* Build configuration list for PBXNativeTarget "ArtGalery" */ = {
			isa = XCConfigurationList;
			buildConfigurations = (
				DAE7143D26BDF4B800322CD9 /* Debug */,
				DAE7143E26BDF4B800322CD9 /* Release */,
			);
			defaultConfigurationIsVisible = 0;
			defaultConfigurationName = Release;
		};
/* End XCConfigurationList section */

/* Begin XCVersionGroup section */
		DAE7143126BDF4B700322CD9 /* ArtGalery.xcdatamodeld */ = {
			isa = XCVersionGroup;
			children = (
				DAE7143226BDF4B700322CD9 /* ArtGalery.xcdatamodel */,
			);
			currentVersion = DAE7143226BDF4B700322CD9 /* ArtGalery.xcdatamodel */;
			path = ArtGalery.xcdatamodeld;
			sourceTree = "<group>";
			versionGroupType = wrapper.xcdatamodel;
		};
/* End XCVersionGroup section */
	};
	rootObject = DAE7141D26BDF4B700322CD9 /* Project object */;
}
